// !$*UTF8*$!
{
	archiveVersion = 1;
	classes = {
	};
	objectVersion = 46;
	objects = {

/* Begin PBXBuildFile section */
		9614919F1F4332B50013319B /* libpthread.tbd in Frameworks */ = {isa = PBXBuildFile; fileRef = 9614919E1F4332B50013319B /* libpthread.tbd */; };
		962325701F3A3F8200513917 /* main.cpp in Sources */ = {isa = PBXBuildFile; fileRef = 9623256F1F3A3F8200513917 /* main.cpp */; };
		9623257A1F3A445D00513917 /* Cocoa.framework in Frameworks */ = {isa = PBXBuildFile; fileRef = 962325791F3A445D00513917 /* Cocoa.framework */; };
		9623257C1F3A446600513917 /* OpenGL.framework in Frameworks */ = {isa = PBXBuildFile; fileRef = 9623257B1F3A446600513917 /* OpenGL.framework */; };
		9623257E1F3A447000513917 /* IOKit.framework in Frameworks */ = {isa = PBXBuildFile; fileRef = 9623257D1F3A447000513917 /* IOKit.framework */; };
		962325801F3A447B00513917 /* CoreVideo.framework in Frameworks */ = {isa = PBXBuildFile; fileRef = 9623257F1F3A447B00513917 /* CoreVideo.framework */; };
		962325831F3A6BB600513917 /* libglfw.3.2.dylib in Frameworks */ = {isa = PBXBuildFile; fileRef = 962325811F3A67F800513917 /* libglfw.3.2.dylib */; };
		9662C9501F3E2B4D00510F4C /* libsfml-system.2.4.2.dylib in Frameworks */ = {isa = PBXBuildFile; fileRef = 9662C94E1F3E2B4D00510F4C /* libsfml-system.2.4.2.dylib */; };
		9662C9511F3E2B4D00510F4C /* libsfml-window.2.4.2.dylib in Frameworks */ = {isa = PBXBuildFile; fileRef = 9662C94F1F3E2B4D00510F4C /* libsfml-window.2.4.2.dylib */; };
		9662C9541F3E2B8100510F4C /* libsfml-graphics.2.4.2.dylib in Frameworks */ = {isa = PBXBuildFile; fileRef = 9662C9521F3E2B8100510F4C /* libsfml-graphics.2.4.2.dylib */; };
		9662C9551F3E2B8100510F4C /* libsfml-network.2.4.2.dylib in Frameworks */ = {isa = PBXBuildFile; fileRef = 9662C9531F3E2B8100510F4C /* libsfml-network.2.4.2.dylib */; };
/* End PBXBuildFile section */

/* Begin PBXCopyFilesBuildPhase section */
		9623256A1F3A3F8200513917 /* CopyFiles */ = {
			isa = PBXCopyFilesBuildPhase;
			buildActionMask = 2147483647;
			dstPath = /usr/share/man/man1/;
			dstSubfolderSpec = 0;
			files = (
			);
			runOnlyForDeploymentPostprocessing = 1;
		};
/* End PBXCopyFilesBuildPhase section */

/* Begin PBXFileReference section */
		9614919E1F4332B50013319B /* libpthread.tbd */ = {isa = PBXFileReference; lastKnownFileType = "sourcecode.text-based-dylib-definition"; name = libpthread.tbd; path = usr/lib/libpthread.tbd; sourceTree = SDKROOT; };
		9623256C1F3A3F8200513917 /* OpenGLLearn */ = {isa = PBXFileReference; explicitFileType = "compiled.mach-o.executable"; includeInIndex = 0; path = OpenGLLearn; sourceTree = BUILT_PRODUCTS_DIR; };
		9623256F1F3A3F8200513917 /* main.cpp */ = {isa = PBXFileReference; lastKnownFileType = sourcecode.cpp.cpp; path = main.cpp; sourceTree = "<group>"; };
		962325771F3A444D00513917 /* libglfw.dylib */ = {isa = PBXFileReference; lastKnownFileType = "compiled.mach-o.dylib"; name = libglfw.dylib; path = ../../../../../../usr/local/lib/libglfw.dylib; sourceTree = "<group>"; };
		962325791F3A445D00513917 /* Cocoa.framework */ = {isa = PBXFileReference; lastKnownFileType = wrapper.framework; name = Cocoa.framework; path = System/Library/Frameworks/Cocoa.framework; sourceTree = SDKROOT; };
		9623257B1F3A446600513917 /* OpenGL.framework */ = {isa = PBXFileReference; lastKnownFileType = wrapper.framework; name = OpenGL.framework; path = System/Library/Frameworks/OpenGL.framework; sourceTree = SDKROOT; };
		9623257D1F3A447000513917 /* IOKit.framework */ = {isa = PBXFileReference; lastKnownFileType = wrapper.framework; name = IOKit.framework; path = System/Library/Frameworks/IOKit.framework; sourceTree = SDKROOT; };
		9623257F1F3A447B00513917 /* CoreVideo.framework */ = {isa = PBXFileReference; lastKnownFileType = wrapper.framework; name = CoreVideo.framework; path = System/Library/Frameworks/CoreVideo.framework; sourceTree = SDKROOT; };
		962325811F3A67F800513917 /* libglfw.3.2.dylib */ = {isa = PBXFileReference; lastKnownFileType = "compiled.mach-o.dylib"; name = libglfw.3.2.dylib; path = ../../../../../../usr/local/Cellar/glfw/3.2.1/lib/libglfw.3.2.dylib; sourceTree = "<group>"; };
		9662C94E1F3E2B4D00510F4C /* libsfml-system.2.4.2.dylib */ = {isa = PBXFileReference; lastKnownFileType = "compiled.mach-o.dylib"; name = "libsfml-system.2.4.2.dylib"; path = "../../../../../../usr/local/Cellar/sfml/2.4.2_1/lib/libsfml-system.2.4.2.dylib"; sourceTree = "<group>"; };
		9662C94F1F3E2B4D00510F4C /* libsfml-window.2.4.2.dylib */ = {isa = PBXFileReference; lastKnownFileType = "compiled.mach-o.dylib"; name = "libsfml-window.2.4.2.dylib"; path = "../../../../../../usr/local/Cellar/sfml/2.4.2_1/lib/libsfml-window.2.4.2.dylib"; sourceTree = "<group>"; };
		9662C9521F3E2B8100510F4C /* libsfml-graphics.2.4.2.dylib */ = {isa = PBXFileReference; lastKnownFileType = "compiled.mach-o.dylib"; name = "libsfml-graphics.2.4.2.dylib"; path = "../../../../../../usr/local/Cellar/sfml/2.4.2_1/lib/libsfml-graphics.2.4.2.dylib"; sourceTree = "<group>"; };
		9662C9531F3E2B8100510F4C /* libsfml-network.2.4.2.dylib */ = {isa = PBXFileReference; lastKnownFileType = "compiled.mach-o.dylib"; name = "libsfml-network.2.4.2.dylib"; path = "../../../../../../usr/local/Cellar/sfml/2.4.2_1/lib/libsfml-network.2.4.2.dylib"; sourceTree = "<group>"; };
/* End PBXFileReference section */

/* Begin PBXFrameworksBuildPhase section */
		962325691F3A3F8200513917 /* Frameworks */ = {
			isa = PBXFrameworksBuildPhase;
			buildActionMask = 2147483647;
			files = (
				9614919F1F4332B50013319B /* libpthread.tbd in Frameworks */,
				9662C9541F3E2B8100510F4C /* libsfml-graphics.2.4.2.dylib in Frameworks */,
				9662C9551F3E2B8100510F4C /* libsfml-network.2.4.2.dylib in Frameworks */,
				9662C9501F3E2B4D00510F4C /* libsfml-system.2.4.2.dylib in Frameworks */,
				9662C9511F3E2B4D00510F4C /* libsfml-window.2.4.2.dylib in Frameworks */,
				962325831F3A6BB600513917 /* libglfw.3.2.dylib in Frameworks */,
				962325801F3A447B00513917 /* CoreVideo.framework in Frameworks */,
				9623257E1F3A447000513917 /* IOKit.framework in Frameworks */,
				9623257C1F3A446600513917 /* OpenGL.framework in Frameworks */,
				9623257A1F3A445D00513917 /* Cocoa.framework in Frameworks */,
			);
			runOnlyForDeploymentPostprocessing = 0;
		};
/* End PBXFrameworksBuildPhase section */

/* Begin PBXGroup section */
		962325631F3A3F8200513917 = {
			isa = PBXGroup;
			children = (
				9623256E1F3A3F8200513917 /* OpenGLLearn */,
				9623256D1F3A3F8200513917 /* Products */,
				962325761F3A444D00513917 /* Frameworks */,
			);
			sourceTree = "<group>";
		};
		9623256D1F3A3F8200513917 /* Products */ = {
			isa = PBXGroup;
			children = (
				9623256C1F3A3F8200513917 /* OpenGLLearn */,
			);
			name = Products;
			sourceTree = "<group>";
		};
		9623256E1F3A3F8200513917 /* OpenGLLearn */ = {
			isa = PBXGroup;
			children = (
				9623256F1F3A3F8200513917 /* main.cpp */,
			);
			path = OpenGLLearn;
			sourceTree = "<group>";
		};
		962325761F3A444D00513917 /* Frameworks */ = {
			isa = PBXGroup;
			children = (
				9614919E1F4332B50013319B /* libpthread.tbd */,
				9662C9521F3E2B8100510F4C /* libsfml-graphics.2.4.2.dylib */,
				9662C9531F3E2B8100510F4C /* libsfml-network.2.4.2.dylib */,
				9662C94E1F3E2B4D00510F4C /* libsfml-system.2.4.2.dylib */,
				9662C94F1F3E2B4D00510F4C /* libsfml-window.2.4.2.dylib */,
				962325811F3A67F800513917 /* libglfw.3.2.dylib */,
				9623257F1F3A447B00513917 /* CoreVideo.framework */,
				9623257D1F3A447000513917 /* IOKit.framework */,
				9623257B1F3A446600513917 /* OpenGL.framework */,
				962325791F3A445D00513917 /* Cocoa.framework */,
				962325771F3A444D00513917 /* libglfw.dylib */,
			);
			name = Frameworks;
			sourceTree = "<group>";
		};
/* End PBXGroup section */

/* Begin PBXNativeTarget section */
		9623256B1F3A3F8200513917 /* OpenGLLearn */ = {
			isa = PBXNativeTarget;
			buildConfigurationList = 962325731F3A3F8200513917 /* Build configuration list for PBXNativeTarget "OpenGLLearn" */;
			buildPhases = (
				962325681F3A3F8200513917 /* Sources */,
				962325691F3A3F8200513917 /* Frameworks */,
				9623256A1F3A3F8200513917 /* CopyFiles */,
			);
			buildRules = (
			);
			dependencies = (
			);
			name = OpenGLLearn;
			productName = OpenGLLearn;
			productReference = 9623256C1F3A3F8200513917 /* OpenGLLearn */;
			productType = "com.apple.product-type.tool";
		};
/* End PBXNativeTarget section */

/* Begin PBXProject section */
		962325641F3A3F8200513917 /* Project object */ = {
			isa = PBXProject;
			attributes = {
				LastUpgradeCheck = 0830;
				ORGANIZATIONNAME = "Sebastian Mróz";
				TargetAttributes = {
					9623256B1F3A3F8200513917 = {
						CreatedOnToolsVersion = 8.3.3;
						ProvisioningStyle = Automatic;
					};
				};
			};
			buildConfigurationList = 962325671F3A3F8200513917 /* Build configuration list for PBXProject "OpenGLLearn" */;
			compatibilityVersion = "Xcode 3.2";
			developmentRegion = English;
			hasScannedForEncodings = 0;
			knownRegions = (
				en,
			);
			mainGroup = 962325631F3A3F8200513917;
			productRefGroup = 9623256D1F3A3F8200513917 /* Products */;
			projectDirPath = "";
			projectRoot = "";
			targets = (
				9623256B1F3A3F8200513917 /* OpenGLLearn */,
			);
		};
/* End PBXProject section */

/* Begin PBXSourcesBuildPhase section */
		962325681F3A3F8200513917 /* Sources */ = {
			isa = PBXSourcesBuildPhase;
			buildActionMask = 2147483647;
			files = (
				962325701F3A3F8200513917 /* main.cpp in Sources */,
			);
			runOnlyForDeploymentPostprocessing = 0;
		};
/* End PBXSourcesBuildPhase section */

/* Begin XCBuildConfiguration section */
		962325711F3A3F8200513917 /* Debug */ = {
			isa = XCBuildConfiguration;
			buildSettings = {
				ALWAYS_SEARCH_USER_PATHS = NO;
				CLANG_ANALYZER_NONNULL = YES;
				CLANG_ANALYZER_NUMBER_OBJECT_CONVERSION = YES_AGGRESSIVE;
				CLANG_CXX_LANGUAGE_STANDARD = "gnu++0x";
				CLANG_CXX_LIBRARY = "libc++";
				CLANG_ENABLE_MODULES = YES;
				CLANG_ENABLE_OBJC_ARC = YES;
				CLANG_WARN_BOOL_CONVERSION = YES;
				CLANG_WARN_CONSTANT_CONVERSION = YES;
				CLANG_WARN_DIRECT_OBJC_ISA_USAGE = YES_ERROR;
				CLANG_WARN_DOCUMENTATION_COMMENTS = YES;
				CLANG_WARN_EMPTY_BODY = YES;
				CLANG_WARN_ENUM_CONVERSION = YES;
				CLANG_WARN_INFINITE_RECURSION = YES;
				CLANG_WARN_INT_CONVERSION = YES;
				CLANG_WARN_OBJC_ROOT_CLASS = YES_ERROR;
				CLANG_WARN_SUSPICIOUS_MOVE = YES;
				CLANG_WARN_UNREACHABLE_CODE = YES;
				CLANG_WARN__DUPLICATE_METHOD_MATCH = YES;
				CODE_SIGN_IDENTITY = "-";
				COPY_PHASE_STRIP = NO;
				DEBUG_INFORMATION_FORMAT = dwarf;
				ENABLE_STRICT_OBJC_MSGSEND = YES;
				ENABLE_TESTABILITY = YES;
				GCC_C_LANGUAGE_STANDARD = gnu99;
				GCC_DYNAMIC_NO_PIC = NO;
				GCC_NO_COMMON_BLOCKS = YES;
				GCC_OPTIMIZATION_LEVEL = 0;
				GCC_PREPROCESSOR_DEFINITIONS = (
					"DEBUG=1",
					"$(inherited)",
				);
				GCC_WARN_64_TO_32_BIT_CONVERSION = YES;
				GCC_WARN_ABOUT_RETURN_TYPE = YES_ERROR;
				GCC_WARN_UNDECLARED_SELECTOR = YES;
				GCC_WARN_UNINITIALIZED_AUTOS = YES_AGGRESSIVE;
				GCC_WARN_UNUSED_FUNCTION = YES;
				GCC_WARN_UNUSED_VARIABLE = YES;
				MACOSX_DEPLOYMENT_TARGET = 10.12;
				MTL_ENABLE_DEBUG_INFO = YES;
				ONLY_ACTIVE_ARCH = YES;
				SDKROOT = macosx;
			};
			name = Debug;
		};
		962325721F3A3F8200513917 /* Release */ = {
			isa = XCBuildConfiguration;
			buildSettings = {
				ALWAYS_SEARCH_USER_PATHS = NO;
				CLANG_ANALYZER_NONNULL = YES;
				CLANG_ANALYZER_NUMBER_OBJECT_CONVERSION = YES_AGGRESSIVE;
				CLANG_CXX_LANGUAGE_STANDARD = "gnu++0x";
				CLANG_CXX_LIBRARY = "libc++";
				CLANG_ENABLE_MODULES = YES;
				CLANG_ENABLE_OBJC_ARC = YES;
				CLANG_WARN_BOOL_CONVERSION = YES;
				CLANG_WARN_CONSTANT_CONVERSION = YES;
				CLANG_WARN_DIRECT_OBJC_ISA_USAGE = YES_ERROR;
				CLANG_WARN_DOCUMENTATION_COMMENTS = YES;
				CLANG_WARN_EMPTY_BODY = YES;
				CLANG_WARN_ENUM_CONVERSION = YES;
				CLANG_WARN_INFINITE_RECURSION = YES;
				CLANG_WARN_INT_CONVERSION = YES;
				CLANG_WARN_OBJC_ROOT_CLASS = YES_ERROR;
				CLANG_WARN_SUSPICIOUS_MOVE = YES;
				CLANG_WARN_UNREACHABLE_CODE = YES;
				CLANG_WARN__DUPLICATE_METHOD_MATCH = YES;
				CODE_SIGN_IDENTITY = "-";
				COPY_PHASE_STRIP = NO;
				DEBUG_INFORMATION_FORMAT = "dwarf-with-dsym";
				ENABLE_NS_ASSERTIONS = NO;
				ENABLE_STRICT_OBJC_MSGSEND = YES;
				GCC_C_LANGUAGE_STANDARD = gnu99;
				GCC_NO_COMMON_BLOCKS = YES;
				GCC_WARN_64_TO_32_BIT_CONVERSION = YES;
				GCC_WARN_ABOUT_RETURN_TYPE = YES_ERROR;
				GCC_WARN_UNDECLARED_SELECTOR = YES;
				GCC_WARN_UNINITIALIZED_AUTOS = YES_AGGRESSIVE;
				GCC_WARN_UNUSED_FUNCTION = YES;
				GCC_WARN_UNUSED_VARIABLE = YES;
				MACOSX_DEPLOYMENT_TARGET = 10.12;
				MTL_ENABLE_DEBUG_INFO = NO;
				SDKROOT = macosx;
			};
			name = Release;
		};
		962325741F3A3F8200513917 /* Debug */ = {
			isa = XCBuildConfiguration;
			buildSettings = {
				HEADER_SEARCH_PATHS = /usr/local/include;
				LIBRARY_SEARCH_PATHS = (
					"$(inherited)",
					/usr/local/Cellar/glfw/3.2.1/lib,
					/usr/local/Cellar/sfml/2.4.2_1/lib,
				);
				PRODUCT_NAME = "$(TARGET_NAME)";
			};
			name = Debug;
		};
		962325751F3A3F8200513917 /* Release */ = {
			isa = XCBuildConfiguration;
			buildSettings = {
				HEADER_SEARCH_PATHS = /usr/local/include;
				LIBRARY_SEARCH_PATHS = (
					"$(inherited)",
					/usr/local/Cellar/glfw/3.2.1/lib,
					/usr/local/Cellar/sfml/2.4.2_1/lib,
				);
				PRODUCT_NAME = "$(TARGET_NAME)";
			};
			name = Release;
		};
/* End XCBuildConfiguration section */

/* Begin XCConfigurationList section */
		962325671F3A3F8200513917 /* Build configuration list for PBXProject "OpenGLLearn" */ = {
			isa = XCConfigurationList;
			buildConfigurations = (
				962325711F3A3F8200513917 /* Debug */,
				962325721F3A3F8200513917 /* Release */,
			);
			defaultConfigurationIsVisible = 0;
			defaultConfigurationName = Release;
		};
		962325731F3A3F8200513917 /* Build configuration list for PBXNativeTarget "OpenGLLearn" */ = {
			isa = XCConfigurationList;
			buildConfigurations = (
				962325741F3A3F8200513917 /* Debug */,
				962325751F3A3F8200513917 /* Release */,
			);
			defaultConfigurationIsVisible = 0;
			defaultConfigurationName = Release;
		};
/* End XCConfigurationList section */
	};
	rootObject = 962325641F3A3F8200513917 /* Project object */;
}
